// !$*UTF8*$!
{
	archiveVersion = 1;
	classes = {
	};
	objectVersion = 77;
	objects = {

/* Begin PBXBuildFile section */
		1729F30208615F3C1D06D855 /* ProofGattNotifyBenchmarkProtocol.swift in Sources */ = {isa = PBXBuildFile; fileRef = 1024F8CF1B459406DA87C513 /* ProofGattNotifyBenchmarkProtocol.swift */; };
		1A034B04B101B24A8FF9E89B /* ProofGattBenchmarkProtocol.swift in Sources */ = {isa = PBXBuildFile; fileRef = E83D24A11C1D13B53B355B15 /* ProofGattBenchmarkProtocol.swift */; };
		23F2C7D99A97B029F1FA632E /* ProofViewModel.swift in Sources */ = {isa = PBXBuildFile; fileRef = 449C6808F0174CE46FCA8BC6 /* ProofViewModel.swift */; };
		395F70816C081CC331C99357 /* ProofApp.swift in Sources */ = {isa = PBXBuildFile; fileRef = B450AC2ED51A141367368720 /* ProofApp.swift */; };
		42630CF73715BDDA8DC5E72E /* ProofGattBenchmarkClient.swift in Sources */ = {isa = PBXBuildFile; fileRef = 838B0CE5BBB49A2F8A7254E2 /* ProofGattBenchmarkClient.swift */; };
		486E383EE20727A7748D21FF /* RecipientConfirmedBenchmarkDiagnostic.swift in Sources */ = {isa = PBXBuildFile; fileRef = 198714BAC74453D5299F3D2C /* RecipientConfirmedBenchmarkDiagnostic.swift */; };
		4CA77348EDB28F13CDC12398 /* PowerProfileBenchmark.swift in Sources */ = {isa = PBXBuildFile; fileRef = 033612DB1CD3421011142A10 /* PowerProfileBenchmark.swift */; };
		4E9C31D59C4BE0FA15D42694 /* ProofGattNotifyBenchmarkServer.swift in Sources */ = {isa = PBXBuildFile; fileRef = 3456A572AE79E7AF8E4E4F40 /* ProofGattNotifyBenchmarkServer.swift */; };
		72FF2746CA1351980C970D33 /* BenchmarkTestSupport.swift in Sources */ = {isa = PBXBuildFile; fileRef = D8425B56578082E0CBC21735 /* BenchmarkTestSupport.swift */; };
		73745979D47B3AAA29F4E34F /* MeshLinkCryptoBridge.swift in Sources */ = {isa = PBXBuildFile; fileRef = F3E69802EF0E01D926EA6A44 /* MeshLinkCryptoBridge.swift */; };
		A27123E5BC9F56E96A7FE533 /* ColdStartBenchmark.swift in Sources */ = {isa = PBXBuildFile; fileRef = 6469225EB29E7FF131D51123 /* ColdStartBenchmark.swift */; };
		AA6B55057745166A794D74B4 /* MeshLinkTransportBridge.swift in Sources */ = {isa = PBXBuildFile; fileRef = 512365B1B6AB58412EFF7D72 /* MeshLinkTransportBridge.swift */; };
		AF4827988ED61DB8962902A0 /* ProofBenchmarkTransport.swift in Sources */ = {isa = PBXBuildFile; fileRef = 4760E0CB0EEA45F245AA20F3 /* ProofBenchmarkTransport.swift */; };
		B0D984C35FA81B7616E60ABF /* TransportPerformanceBenchmark.swift in Sources */ = {isa = PBXBuildFile; fileRef = 38B26770518856564F031445 /* TransportPerformanceBenchmark.swift */; };
		BE842C02B2F375FC0A1E79C7 /* ContentView.swift in Sources */ = {isa = PBXBuildFile; fileRef = DBAAE7CF0C372ED368DA9E48 /* ContentView.swift */; };
/* End PBXBuildFile section */

/* Begin PBXContainerItemProxy section */
		2129C3DB42154218EDC719B0 /* PBXContainerItemProxy */ = {
			isa = PBXContainerItemProxy;
			containerPortal = 8FFDD2185888DC8152A12ED4 /* Project object */;
			proxyType = 1;
			remoteGlobalIDString = DB0146505CF03793A890B674;
			remoteInfo = ProofApp;
		};
/* End PBXContainerItemProxy section */

/* Begin PBXFileReference section */
		033612DB1CD3421011142A10 /* PowerProfileBenchmark.swift */ = {isa = PBXFileReference; lastKnownFileType = sourcecode.swift; path = PowerProfileBenchmark.swift; sourceTree = "<group>"; };
		1024F8CF1B459406DA87C513 /* ProofGattNotifyBenchmarkProtocol.swift */ = {isa = PBXFileReference; lastKnownFileType = sourcecode.swift; path = ProofGattNotifyBenchmarkProtocol.swift; sourceTree = "<group>"; };
		198714BAC74453D5299F3D2C /* RecipientConfirmedBenchmarkDiagnostic.swift */ = {isa = PBXFileReference; lastKnownFileType = sourcecode.swift; path = RecipientConfirmedBenchmarkDiagnostic.swift; sourceTree = "<group>"; };
		3456A572AE79E7AF8E4E4F40 /* ProofGattNotifyBenchmarkServer.swift */ = {isa = PBXFileReference; lastKnownFileType = sourcecode.swift; path = ProofGattNotifyBenchmarkServer.swift; sourceTree = "<group>"; };
		38B26770518856564F031445 /* TransportPerformanceBenchmark.swift */ = {isa = PBXFileReference; lastKnownFileType = sourcecode.swift; path = TransportPerformanceBenchmark.swift; sourceTree = "<group>"; };
		41FA7EB63D3FCC9D89A53CC6 /* ProofBenchmarks.xctest */ = {isa = PBXFileReference; includeInIndex = 0; lastKnownFileType = wrapper.cfbundle; path = ProofBenchmarks.xctest; sourceTree = BUILT_PRODUCTS_DIR; };
		42AE38A6A4182F543FAA1B57 /* ProofApp.app */ = {isa = PBXFileReference; includeInIndex = 0; lastKnownFileType = wrapper.application; path = ProofApp.app; sourceTree = BUILT_PRODUCTS_DIR; };
		449C6808F0174CE46FCA8BC6 /* ProofViewModel.swift */ = {isa = PBXFileReference; lastKnownFileType = sourcecode.swift; path = ProofViewModel.swift; sourceTree = "<group>"; };
		4760E0CB0EEA45F245AA20F3 /* ProofBenchmarkTransport.swift */ = {isa = PBXFileReference; lastKnownFileType = sourcecode.swift; path = ProofBenchmarkTransport.swift; sourceTree = "<group>"; };
		512365B1B6AB58412EFF7D72 /* MeshLinkTransportBridge.swift */ = {isa = PBXFileReference; lastKnownFileType = sourcecode.swift; path = MeshLinkTransportBridge.swift; sourceTree = "<group>"; };
		6469225EB29E7FF131D51123 /* ColdStartBenchmark.swift */ = {isa = PBXFileReference; lastKnownFileType = sourcecode.swift; path = ColdStartBenchmark.swift; sourceTree = "<group>"; };
		81F2E52ACDF038035D9F5DFC /* .gitkeep */ = {isa = PBXFileReference; path = .gitkeep; sourceTree = "<group>"; };
		838B0CE5BBB49A2F8A7254E2 /* ProofGattBenchmarkClient.swift */ = {isa = PBXFileReference; lastKnownFileType = sourcecode.swift; path = ProofGattBenchmarkClient.swift; sourceTree = "<group>"; };
		B450AC2ED51A141367368720 /* ProofApp.swift */ = {isa = PBXFileReference; lastKnownFileType = sourcecode.swift; path = ProofApp.swift; sourceTree = "<group>"; };
		D8425B56578082E0CBC21735 /* BenchmarkTestSupport.swift */ = {isa = PBXFileReference; lastKnownFileType = sourcecode.swift; path = BenchmarkTestSupport.swift; sourceTree = "<group>"; };
		DBAAE7CF0C372ED368DA9E48 /* ContentView.swift */ = {isa = PBXFileReference; lastKnownFileType = sourcecode.swift; path = ContentView.swift; sourceTree = "<group>"; };
		E83D24A11C1D13B53B355B15 /* ProofGattBenchmarkProtocol.swift */ = {isa = PBXFileReference; lastKnownFileType = sourcecode.swift; path = ProofGattBenchmarkProtocol.swift; sourceTree = "<group>"; };
		F3E69802EF0E01D926EA6A44 /* MeshLinkCryptoBridge.swift */ = {isa = PBXFileReference; lastKnownFileType = sourcecode.swift; path = MeshLinkCryptoBridge.swift; sourceTree = "<group>"; };
/* End PBXFileReference section */

/* Begin PBXGroup section */
		02B76BFC51556B90B73C0F24 /* ProofApp */ = {
			isa = PBXGroup;
			children = (
				DBAAE7CF0C372ED368DA9E48 /* ContentView.swift */,
				F3E69802EF0E01D926EA6A44 /* MeshLinkCryptoBridge.swift */,
				512365B1B6AB58412EFF7D72 /* MeshLinkTransportBridge.swift */,
				B450AC2ED51A141367368720 /* ProofApp.swift */,
				4760E0CB0EEA45F245AA20F3 /* ProofBenchmarkTransport.swift */,
				838B0CE5BBB49A2F8A7254E2 /* ProofGattBenchmarkClient.swift */,
				E83D24A11C1D13B53B355B15 /* ProofGattBenchmarkProtocol.swift */,
				1024F8CF1B459406DA87C513 /* ProofGattNotifyBenchmarkProtocol.swift */,
				3456A572AE79E7AF8E4E4F40 /* ProofGattNotifyBenchmarkServer.swift */,
				449C6808F0174CE46FCA8BC6 /* ProofViewModel.swift */,
			);
			path = ProofApp;
			sourceTree = "<group>";
		};
		380966D4691BE45E22767550 /* Products */ = {
			isa = PBXGroup;
			children = (
				42AE38A6A4182F543FAA1B57 /* ProofApp.app */,
				41FA7EB63D3FCC9D89A53CC6 /* ProofBenchmarks.xctest */,
			);
			name = Products;
			sourceTree = "<group>";
		};
		85305FA0CE86D0E66B9FE8D9 = {
			isa = PBXGroup;
			children = (
				02B76BFC51556B90B73C0F24 /* ProofApp */,
				DF30AE0347A16DD3AFDD08A2 /* ProofBenchmarks */,
				380966D4691BE45E22767550 /* Products */,
			);
			sourceTree = "<group>";
		};
		DF30AE0347A16DD3AFDD08A2 /* ProofBenchmarks */ = {
			isa = PBXGroup;
			children = (
				81F2E52ACDF038035D9F5DFC /* .gitkeep */,
				D8425B56578082E0CBC21735 /* BenchmarkTestSupport.swift */,
				6469225EB29E7FF131D51123 /* ColdStartBenchmark.swift */,
				033612DB1CD3421011142A10 /* PowerProfileBenchmark.swift */,
				198714BAC74453D5299F3D2C /* RecipientConfirmedBenchmarkDiagnostic.swift */,
				38B26770518856564F031445 /* TransportPerformanceBenchmark.swift */,
			);
			path = ProofBenchmarks;
			sourceTree = "<group>";
		};
/* End PBXGroup section */

/* Begin PBXNativeTarget section */
		9CA1C241FDE55639E674CC1B /* ProofBenchmarks */ = {
			isa = PBXNativeTarget;
			buildConfigurationList = 6BFB9C84050D7E8FFAE59AD4 /* Build configuration list for PBXNativeTarget "ProofBenchmarks" */;
			buildPhases = (
				9ACD186B230107838A37216C /* Sources */,
			);
			buildRules = (
			);
			dependencies = (
				5E42725F9035A1950EE2DD3A /* PBXTargetDependency */,
			);
			name = ProofBenchmarks;
			packageProductDependencies = (
			);
			productName = ProofBenchmarks;
			productReference = 41FA7EB63D3FCC9D89A53CC6 /* ProofBenchmarks.xctest */;
			productType = "com.apple.product-type.bundle.ui-testing";
		};
		DB0146505CF03793A890B674 /* ProofApp */ = {
			isa = PBXNativeTarget;
			buildConfigurationList = 66B187FD1E527C52B5EC6541 /* Build configuration list for PBXNativeTarget "ProofApp" */;
			buildPhases = (
				7191BE7ACAC52E62BD227DBC /* Build MeshLink framework */,
				D9EFF91F26D600D0DEEB6B7A /* Sources */,
			);
			buildRules = (
			);
			dependencies = (
			);
			name = ProofApp;
			packageProductDependencies = (
			);
			productName = ProofApp;
			productReference = 42AE38A6A4182F543FAA1B57 /* ProofApp.app */;
			productType = "com.apple.product-type.application";
		};
/* End PBXNativeTarget section */

/* Begin PBXProject section */
		8FFDD2185888DC8152A12ED4 /* Project object */ = {
			isa = PBXProject;
			attributes = {
				BuildIndependentTargetsInParallel = YES;
				LastUpgradeCheck = 1430;
				TargetAttributes = {
					9CA1C241FDE55639E674CC1B = {
						ProvisioningStyle = Automatic;
						TestTargetID = DB0146505CF03793A890B674;
					};
					DB0146505CF03793A890B674 = {
						ProvisioningStyle = Automatic;
					};
				};
			};
			buildConfigurationList = D245BC9522C7F4862D314542 /* Build configuration list for PBXProject "ProofApp" */;
			developmentRegion = en;
			hasScannedForEncodings = 0;
			knownRegions = (
				Base,
				en,
			);
			mainGroup = 85305FA0CE86D0E66B9FE8D9;
			minimizedProjectReferenceProxies = 1;
			preferredProjectObjectVersion = 77;
			productRefGroup = 380966D4691BE45E22767550 /* Products */;
			projectDirPath = "";
			projectRoot = "";
			targets = (
				DB0146505CF03793A890B674 /* ProofApp */,
				9CA1C241FDE55639E674CC1B /* ProofBenchmarks */,
			);
		};
/* End PBXProject section */

/* Begin PBXShellScriptBuildPhase section */
		7191BE7ACAC52E62BD227DBC /* Build MeshLink framework */ = {
			isa = PBXShellScriptBuildPhase;
			alwaysOutOfDate = 1;
			buildActionMask = 2147483647;
			files = (
			);
			inputFileListPaths = (
			);
			inputPaths = (
			);
			name = "Build MeshLink framework";
			outputFileListPaths = (
			);
			outputPaths = (
			);
			runOnlyForDeploymentPostprocessing = 0;
			shellPath = /bin/sh;
			shellScript = "if [ \"YES\" = \"$OVERRIDE_KOTLIN_BUILD_IDE_SUPPORTED\" ]; then\n    echo \"Skipping Gradle build task invocation due to OVERRIDE_KOTLIN_BUILD_IDE_SUPPORTED environment variable set to \\\"YES\\\"\"\n    exit 0\nfi\ncd \"$SRCROOT/../..\"\n./gradlew :meshlink:embedAndSignAppleFrameworkForXcode\n";
		};
/* End PBXShellScriptBuildPhase section */

/* Begin PBXSourcesBuildPhase section */
		9ACD186B230107838A37216C /* Sources */ = {
			isa = PBXSourcesBuildPhase;
			buildActionMask = 2147483647;
			files = (
				72FF2746CA1351980C970D33 /* BenchmarkTestSupport.swift in Sources */,
				A27123E5BC9F56E96A7FE533 /* ColdStartBenchmark.swift in Sources */,
				4CA77348EDB28F13CDC12398 /* PowerProfileBenchmark.swift in Sources */,
				486E383EE20727A7748D21FF /* RecipientConfirmedBenchmarkDiagnostic.swift in Sources */,
				B0D984C35FA81B7616E60ABF /* TransportPerformanceBenchmark.swift in Sources */,
			);
			runOnlyForDeploymentPostprocessing = 0;
		};
		D9EFF91F26D600D0DEEB6B7A /* Sources */ = {
			isa = PBXSourcesBuildPhase;
			buildActionMask = 2147483647;
			files = (
				BE842C02B2F375FC0A1E79C7 /* ContentView.swift in Sources */,
				73745979D47B3AAA29F4E34F /* MeshLinkCryptoBridge.swift in Sources */,
				AA6B55057745166A794D74B4 /* MeshLinkTransportBridge.swift in Sources */,
				395F70816C081CC331C99357 /* ProofApp.swift in Sources */,
				AF4827988ED61DB8962902A0 /* ProofBenchmarkTransport.swift in Sources */,
				42630CF73715BDDA8DC5E72E /* ProofGattBenchmarkClient.swift in Sources */,
				1A034B04B101B24A8FF9E89B /* ProofGattBenchmarkProtocol.swift in Sources */,
				1729F30208615F3C1D06D855 /* ProofGattNotifyBenchmarkProtocol.swift in Sources */,
				4E9C31D59C4BE0FA15D42694 /* ProofGattNotifyBenchmarkServer.swift in Sources */,
				23F2C7D99A97B029F1FA632E /* ProofViewModel.swift in Sources */,
			);
			runOnlyForDeploymentPostprocessing = 0;
		};
/* End PBXSourcesBuildPhase section */

/* Begin PBXTargetDependency section */
		5E42725F9035A1950EE2DD3A /* PBXTargetDependency */ = {
			isa = PBXTargetDependency;
			target = DB0146505CF03793A890B674 /* ProofApp */;
			targetProxy = 2129C3DB42154218EDC719B0 /* PBXContainerItemProxy */;
		};
/* End PBXTargetDependency section */

/* Begin XCBuildConfiguration section */
		19C4D9698999F3277C114F23 /* Debug */ = {
			isa = XCBuildConfiguration;
			buildSettings = {
				ASSETCATALOG_COMPILER_APPICON_NAME = AppIcon;
				ASSETCATALOG_COMPILER_GENERATE_SWIFT_ASSET_SYMBOL_EXTENSIONS = NO;
				CODE_SIGN_IDENTITY = "iPhone Developer";
				CODE_SIGN_STYLE = Automatic;
				INFOPLIST_FILE = Support/Info.plist;
				IPHONEOS_DEPLOYMENT_TARGET = 15.0;
				LD_RUNPATH_SEARCH_PATHS = (
					"$(inherited)",
					"@executable_path/Frameworks",
				);
				PRODUCT_BUNDLE_IDENTIFIER = ch.trancee.meshlink.proof.ios;
				SDKROOT = iphoneos;
				TARGETED_DEVICE_FAMILY = 1;
			};
			name = Debug;
		};
		1B53D1FCEAF9DEEA590A2F0A /* Release */ = {
			isa = XCBuildConfiguration;
			buildSettings = {
				ASSETCATALOG_COMPILER_APPICON_NAME = AppIcon;
				ASSETCATALOG_COMPILER_GENERATE_SWIFT_ASSET_SYMBOL_EXTENSIONS = NO;
				CODE_SIGN_IDENTITY = "iPhone Developer";
				CODE_SIGN_STYLE = Automatic;
				INFOPLIST_FILE = Support/Info.plist;
				IPHONEOS_DEPLOYMENT_TARGET = 15.0;
				LD_RUNPATH_SEARCH_PATHS = (
					"$(inherited)",
					"@executable_path/Frameworks",
				);
				PRODUCT_BUNDLE_IDENTIFIER = ch.trancee.meshlink.proof.ios;
				SDKROOT = iphoneos;
				TARGETED_DEVICE_FAMILY = 1;
			};
			name = Release;
		};
		269557A72A243898D5696E2D /* Release */ = {
			isa = XCBuildConfiguration;
			buildSettings = {
				ALWAYS_SEARCH_USER_PATHS = NO;
				CLANG_ANALYZER_NONNULL = YES;
				CLANG_ANALYZER_NUMBER_OBJECT_CONVERSION = YES_AGGRESSIVE;
				CLANG_CXX_LANGUAGE_STANDARD = "gnu++14";
				CLANG_CXX_LIBRARY = "libc++";
				CLANG_ENABLE_MODULES = YES;
				CLANG_ENABLE_OBJC_ARC = YES;
				CLANG_ENABLE_OBJC_WEAK = YES;
				CLANG_WARN_BLOCK_CAPTURE_AUTORELEASING = YES;
				CLANG_WARN_BOOL_CONVERSION = YES;
				CLANG_WARN_COMMA = YES;
				CLANG_WARN_CONSTANT_CONVERSION = YES;
				CLANG_WARN_DEPRECATED_OBJC_IMPLEMENTATIONS = YES;
				CLANG_WARN_DIRECT_OBJC_ISA_USAGE = YES_ERROR;
				CLANG_WARN_DOCUMENTATION_COMMENTS = YES;
				CLANG_WARN_EMPTY_BODY = YES;
				CLANG_WARN_ENUM_CONVERSION = YES;
				CLANG_WARN_INFINITE_RECURSION = YES;
				CLANG_WARN_INT_CONVERSION = YES;
				CLANG_WARN_NON_LITERAL_NULL_CONVERSION = YES;
				CLANG_WARN_OBJC_IMPLICIT_RETAIN_SELF = YES;
				CLANG_WARN_OBJC_LITERAL_CONVERSION = YES;
				CLANG_WARN_OBJC_ROOT_CLASS = YES_ERROR;
				CLANG_WARN_QUOTED_INCLUDE_IN_FRAMEWORK_HEADER = YES;
				CLANG_WARN_RANGE_LOOP_ANALYSIS = YES;
				CLANG_WARN_STRICT_PROTOTYPES = YES;
				CLANG_WARN_SUSPICIOUS_MOVE = YES;
				CLANG_WARN_UNGUARDED_AVAILABILITY = YES_AGGRESSIVE;
				CLANG_WARN_UNREACHABLE_CODE = YES;
				CLANG_WARN__DUPLICATE_METHOD_MATCH = YES;
				COPY_PHASE_STRIP = NO;
				DEBUG_INFORMATION_FORMAT = "dwarf-with-dsym";
				DEVELOPMENT_ASSET_PATHS = "\"\"";
				ENABLE_NS_ASSERTIONS = NO;
				ENABLE_STRICT_OBJC_MSGSEND = YES;
				ENABLE_USER_SCRIPT_SANDBOXING = NO;
				FRAMEWORK_SEARCH_PATHS = "$(inherited) \"$(SRCROOT)/../../meshlink/build/xcode-frameworks/$(CONFIGURATION)/$(SDK_NAME)\"";
				GCC_C_LANGUAGE_STANDARD = gnu11;
				GCC_NO_COMMON_BLOCKS = YES;
				GCC_WARN_64_TO_32_BIT_CONVERSION = YES;
				GCC_WARN_ABOUT_RETURN_TYPE = YES_ERROR;
				GCC_WARN_UNDECLARED_SELECTOR = YES;
				GCC_WARN_UNINITIALIZED_AUTOS = YES_AGGRESSIVE;
				GCC_WARN_UNUSED_FUNCTION = YES;
				GCC_WARN_UNUSED_VARIABLE = YES;
				GENERATE_INFOPLIST_FILE = NO;
				INFOPLIST_FILE = Support/Info.plist;
				IPHONEOS_DEPLOYMENT_TARGET = 15.0;
				LD_RUNPATH_SEARCH_PATHS = "$(inherited) @executable_path/Frameworks";
				MTL_ENABLE_DEBUG_INFO = NO;
				MTL_FAST_MATH = YES;
				OTHER_LDFLAGS = "$(inherited) -framework MeshLink";
				PRODUCT_NAME = "$(TARGET_NAME)";
				SDKROOT = iphoneos;
				SWIFT_COMPILATION_MODE = wholemodule;
				SWIFT_OPTIMIZATION_LEVEL = "-O";
				SWIFT_VERSION = 5.0;
			};
			name = Release;
		};
		32B7E5B5797B9053FC669000 /* Release */ = {
			isa = XCBuildConfiguration;
			buildSettings = {
				BUNDLE_LOADER = "$(TEST_HOST)";
				CODE_SIGN_STYLE = Automatic;
				IPHONEOS_DEPLOYMENT_TARGET = 15.0;
				LD_RUNPATH_SEARCH_PATHS = (
					"$(inherited)",
					"@executable_path/Frameworks",
					"@loader_path/Frameworks",
				);
				PRODUCT_BUNDLE_IDENTIFIER = ch.trancee.meshlink.proof.ios.benchmarks;
				SDKROOT = iphoneos;
				TARGETED_DEVICE_FAMILY = "1,2";
				TEST_TARGET_NAME = ProofApp;
			};
			name = Release;
		};
		8688613BA8A5E39FBD843D4E /* Debug */ = {
			isa = XCBuildConfiguration;
			buildSettings = {
				BUNDLE_LOADER = "$(TEST_HOST)";
				CODE_SIGN_STYLE = Automatic;
				IPHONEOS_DEPLOYMENT_TARGET = 15.0;
				LD_RUNPATH_SEARCH_PATHS = (
					"$(inherited)",
					"@executable_path/Frameworks",
					"@loader_path/Frameworks",
				);
				PRODUCT_BUNDLE_IDENTIFIER = ch.trancee.meshlink.proof.ios.benchmarks;
				SDKROOT = iphoneos;
				TARGETED_DEVICE_FAMILY = "1,2";
				TEST_TARGET_NAME = ProofApp;
			};
			name = Debug;
		};
		C2A0AB75D78438DE6E475AD1 /* Debug */ = {
			isa = XCBuildConfiguration;
			buildSettings = {
				ALWAYS_SEARCH_USER_PATHS = NO;
				CLANG_ANALYZER_NONNULL = YES;
				CLANG_ANALYZER_NUMBER_OBJECT_CONVERSION = YES_AGGRESSIVE;
				CLANG_CXX_LANGUAGE_STANDARD = "gnu++14";
				CLANG_CXX_LIBRARY = "libc++";
				CLANG_ENABLE_MODULES = YES;
				CLANG_ENABLE_OBJC_ARC = YES;
				CLANG_ENABLE_OBJC_WEAK = YES;
				CLANG_WARN_BLOCK_CAPTURE_AUTORELEASING = YES;
				CLANG_WARN_BOOL_CONVERSION = YES;
				CLANG_WARN_COMMA = YES;
				CLANG_WARN_CONSTANT_CONVERSION = YES;
				CLANG_WARN_DEPRECATED_OBJC_IMPLEMENTATIONS = YES;
				CLANG_WARN_DIRECT_OBJC_ISA_USAGE = YES_ERROR;
				CLANG_WARN_DOCUMENTATION_COMMENTS = YES;
				CLANG_WARN_EMPTY_BODY = YES;
				CLANG_WARN_ENUM_CONVERSION = YES;
				CLANG_WARN_INFINITE_RECURSION = YES;
				CLANG_WARN_INT_CONVERSION = YES;
				CLANG_WARN_NON_LITERAL_NULL_CONVERSION = YES;
				CLANG_WARN_OBJC_IMPLICIT_RETAIN_SELF = YES;
				CLANG_WARN_OBJC_LITERAL_CONVERSION = YES;
				CLANG_WARN_OBJC_ROOT_CLASS = YES_ERROR;
				CLANG_WARN_QUOTED_INCLUDE_IN_FRAMEWORK_HEADER = YES;
				CLANG_WARN_RANGE_LOOP_ANALYSIS = YES;
				CLANG_WARN_STRICT_PROTOTYPES = YES;
				CLANG_WARN_SUSPICIOUS_MOVE = YES;
				CLANG_WARN_UNGUARDED_AVAILABILITY = YES_AGGRESSIVE;
				CLANG_WARN_UNREACHABLE_CODE = YES;
				CLANG_WARN__DUPLICATE_METHOD_MATCH = YES;
				COPY_PHASE_STRIP = NO;
				DEBUG_INFORMATION_FORMAT = dwarf;
				DEVELOPMENT_ASSET_PATHS = "\"\"";
				ENABLE_STRICT_OBJC_MSGSEND = YES;
				ENABLE_TESTABILITY = YES;
				ENABLE_USER_SCRIPT_SANDBOXING = NO;
				FRAMEWORK_SEARCH_PATHS = "$(inherited) \"$(SRCROOT)/../../meshlink/build/xcode-frameworks/$(CONFIGURATION)/$(SDK_NAME)\"";
				GCC_C_LANGUAGE_STANDARD = gnu11;
				GCC_DYNAMIC_NO_PIC = NO;
				GCC_NO_COMMON_BLOCKS = YES;
				GCC_OPTIMIZATION_LEVEL = 0;
				GCC_PREPROCESSOR_DEFINITIONS = (
					"$(inherited)",
					"DEBUG=1",
				);
				GCC_WARN_64_TO_32_BIT_CONVERSION = YES;
				GCC_WARN_ABOUT_RETURN_TYPE = YES_ERROR;
				GCC_WARN_UNDECLARED_SELECTOR = YES;
				GCC_WARN_UNINITIALIZED_AUTOS = YES_AGGRESSIVE;
				GCC_WARN_UNUSED_FUNCTION = YES;
				GCC_WARN_UNUSED_VARIABLE = YES;
				GENERATE_INFOPLIST_FILE = NO;
				INFOPLIST_FILE = Support/Info.plist;
				IPHONEOS_DEPLOYMENT_TARGET = 15.0;
				LD_RUNPATH_SEARCH_PATHS = "$(inherited) @executable_path/Frameworks";
				MTL_ENABLE_DEBUG_INFO = INCLUDE_SOURCE;
				MTL_FAST_MATH = YES;
				ONLY_ACTIVE_ARCH = YES;
				OTHER_LDFLAGS = "$(inherited) -framework MeshLink";
				PRODUCT_NAME = "$(TARGET_NAME)";
				SDKROOT = iphoneos;
				SWIFT_ACTIVE_COMPILATION_CONDITIONS = DEBUG;
				SWIFT_OPTIMIZATION_LEVEL = "-Onone";
				SWIFT_VERSION = 5.0;
			};
			name = Debug;
		};
/* End XCBuildConfiguration section */

/* Begin XCConfigurationList section */
		66B187FD1E527C52B5EC6541 /* Build configuration list for PBXNativeTarget "ProofApp" */ = {
			isa = XCConfigurationList;
			buildConfigurations = (
				19C4D9698999F3277C114F23 /* Debug */,
				1B53D1FCEAF9DEEA590A2F0A /* Release */,
			);
			defaultConfigurationIsVisible = 0;
			defaultConfigurationName = Debug;
		};
		6BFB9C84050D7E8FFAE59AD4 /* Build configuration list for PBXNativeTarget "ProofBenchmarks" */ = {
			isa = XCConfigurationList;
			buildConfigurations = (
				8688613BA8A5E39FBD843D4E /* Debug */,
				32B7E5B5797B9053FC669000 /* Release */,
			);
			defaultConfigurationIsVisible = 0;
			defaultConfigurationName = Debug;
		};
		D245BC9522C7F4862D314542 /* Build configuration list for PBXProject "ProofApp" */ = {
			isa = XCConfigurationList;
			buildConfigurations = (
				C2A0AB75D78438DE6E475AD1 /* Debug */,
				269557A72A243898D5696E2D /* Release */,
			);
			defaultConfigurationIsVisible = 0;
			defaultConfigurationName = Debug;
		};
/* End XCConfigurationList section */
	};
	rootObject = 8FFDD2185888DC8152A12ED4 /* Project object */;
}
