// !$*UTF8*$!
{
	archiveVersion = 1;
	classes = {
	};
	objectVersion = 77;
	objects = {

/* Begin PBXBuildFile section */
		07F0C1C846E1ED9B0E0089C5 /* ReferenceAppUITestSupport.swift in Sources */ = {isa = PBXBuildFile; fileRef = DE6E0F604BFBD20FA1913C97 /* ReferenceAppUITestSupport.swift */; };
		1FFFD5668B725A2E7037BC2B /* ReferenceAppWorkflowUITests.swift in Sources */ = {isa = PBXBuildFile; fileRef = B8B113A88D2D4E595D50E85C /* ReferenceAppWorkflowUITests.swift */; };
		49DC6384CCD821DCC83B2909 /* MeshLinkCryptoBridge.swift in Sources */ = {isa = PBXBuildFile; fileRef = 661D9F7A3D82FECDC57B518A /* MeshLinkCryptoBridge.swift */; };
		61FC124E4895A92657A086DA /* ReferenceAppPlaceholderTests.swift in Sources */ = {isa = PBXBuildFile; fileRef = 324A79A3CC4BF8DE1CFD05FC /* ReferenceAppPlaceholderTests.swift */; };
		6478A3D2E4830DE1E0E9CDC0 /* ReferenceApp.swift in Sources */ = {isa = PBXBuildFile; fileRef = 01935F212101BD3BFFDBA6E0 /* ReferenceApp.swift */; };
		73582F9968058BF15787538F /* ReferenceAppParityTests.swift in Sources */ = {isa = PBXBuildFile; fileRef = AFA1C012385F455D6804BA63 /* ReferenceAppParityTests.swift */; };
		9210583AE894E50B571DFEC3 /* MeshLinkTransportBridge.swift in Sources */ = {isa = PBXBuildFile; fileRef = 1F0099B4E6BF51E2B4E4555F /* MeshLinkTransportBridge.swift */; };
		DD048002C1148BCA7A6E9A0A /* ReferenceAppUITestSupport.swift in Sources */ = {isa = PBXBuildFile; fileRef = DE6E0F604BFBD20FA1913C97 /* ReferenceAppUITestSupport.swift */; };
		EB97344833A30EDFAB1825B2 /* ReferenceAppPhysicalLiveProofUITests.swift in Sources */ = {isa = PBXBuildFile; fileRef = 5B9DA00B7946051EE7F9A417 /* ReferenceAppPhysicalLiveProofUITests.swift */; };
/* End PBXBuildFile section */

/* Begin PBXContainerItemProxy section */
		A9D1C7B8842552DA38152356 /* PBXContainerItemProxy */ = {
			isa = PBXContainerItemProxy;
			containerPortal = 081AD8F8298839A23CC474D0 /* Project object */;
			proxyType = 1;
			remoteGlobalIDString = 252E009AF54813E8F8EEEF5D;
			remoteInfo = ReferenceApp;
		};
		DACCE7E2543F4D201DE7BD20 /* PBXContainerItemProxy */ = {
			isa = PBXContainerItemProxy;
			containerPortal = 081AD8F8298839A23CC474D0 /* Project object */;
			proxyType = 1;
			remoteGlobalIDString = 252E009AF54813E8F8EEEF5D;
			remoteInfo = ReferenceApp;
		};
		E866EAA2C6FC01FD6911863D /* PBXContainerItemProxy */ = {
			isa = PBXContainerItemProxy;
			containerPortal = 081AD8F8298839A23CC474D0 /* Project object */;
			proxyType = 1;
			remoteGlobalIDString = 252E009AF54813E8F8EEEF5D;
			remoteInfo = ReferenceApp;
		};
/* End PBXContainerItemProxy section */

/* Begin PBXFileReference section */
		01935F212101BD3BFFDBA6E0 /* ReferenceApp.swift */ = {isa = PBXFileReference; lastKnownFileType = sourcecode.swift; path = ReferenceApp.swift; sourceTree = "<group>"; };
		0DF1C49DBE2F0982D313B71E /* ReferenceAppUITests.xctest */ = {isa = PBXFileReference; includeInIndex = 0; lastKnownFileType = wrapper.cfbundle; path = ReferenceAppUITests.xctest; sourceTree = BUILT_PRODUCTS_DIR; };
		1F0099B4E6BF51E2B4E4555F /* MeshLinkTransportBridge.swift */ = {isa = PBXFileReference; lastKnownFileType = sourcecode.swift; path = MeshLinkTransportBridge.swift; sourceTree = "<group>"; };
		324A79A3CC4BF8DE1CFD05FC /* ReferenceAppPlaceholderTests.swift */ = {isa = PBXFileReference; lastKnownFileType = sourcecode.swift; path = ReferenceAppPlaceholderTests.swift; sourceTree = "<group>"; };
		506644EF4566002DF991D08C /* ReferenceAppPhysicalUITests.xctest */ = {isa = PBXFileReference; includeInIndex = 0; lastKnownFileType = wrapper.cfbundle; path = ReferenceAppPhysicalUITests.xctest; sourceTree = BUILT_PRODUCTS_DIR; };
		520EFE099DDF72C6E68E9D18 /* Info.plist */ = {isa = PBXFileReference; lastKnownFileType = text.plist; path = Info.plist; sourceTree = "<group>"; };
		5B9DA00B7946051EE7F9A417 /* ReferenceAppPhysicalLiveProofUITests.swift */ = {isa = PBXFileReference; lastKnownFileType = sourcecode.swift; path = ReferenceAppPhysicalLiveProofUITests.swift; sourceTree = "<group>"; };
		661D9F7A3D82FECDC57B518A /* MeshLinkCryptoBridge.swift */ = {isa = PBXFileReference; lastKnownFileType = sourcecode.swift; path = MeshLinkCryptoBridge.swift; sourceTree = "<group>"; };
		79FC582F78CA92B1DE49D235 /* ReferenceAppTests.xctest */ = {isa = PBXFileReference; includeInIndex = 0; lastKnownFileType = wrapper.cfbundle; path = ReferenceAppTests.xctest; sourceTree = BUILT_PRODUCTS_DIR; };
		AFA1C012385F455D6804BA63 /* ReferenceAppParityTests.swift */ = {isa = PBXFileReference; lastKnownFileType = sourcecode.swift; path = ReferenceAppParityTests.swift; sourceTree = "<group>"; };
		B8B113A88D2D4E595D50E85C /* ReferenceAppWorkflowUITests.swift */ = {isa = PBXFileReference; lastKnownFileType = sourcecode.swift; path = ReferenceAppWorkflowUITests.swift; sourceTree = "<group>"; };
		CEC69B8D061F68EC23F54E8F /* ReferenceApp.app */ = {isa = PBXFileReference; explicitFileType = wrapper.application; includeInIndex = 0; path = ReferenceApp.app; sourceTree = BUILT_PRODUCTS_DIR; };
		DE6E0F604BFBD20FA1913C97 /* ReferenceAppUITestSupport.swift */ = {isa = PBXFileReference; lastKnownFileType = sourcecode.swift; path = ReferenceAppUITestSupport.swift; sourceTree = "<group>"; };
/* End PBXFileReference section */

/* Begin PBXGroup section */
		2EC15BC146E57F70417BBB50 /* ReferenceAppTests */ = {
			isa = PBXGroup;
			children = (
				AFA1C012385F455D6804BA63 /* ReferenceAppParityTests.swift */,
				324A79A3CC4BF8DE1CFD05FC /* ReferenceAppPlaceholderTests.swift */,
			);
			path = ReferenceAppTests;
			sourceTree = "<group>";
		};
		577C36D6DB4E504960C5031C /* Products */ = {
			isa = PBXGroup;
			children = (
				CEC69B8D061F68EC23F54E8F /* ReferenceApp.app */,
				506644EF4566002DF991D08C /* ReferenceAppPhysicalUITests.xctest */,
				79FC582F78CA92B1DE49D235 /* ReferenceAppTests.xctest */,
				0DF1C49DBE2F0982D313B71E /* ReferenceAppUITests.xctest */,
			);
			name = Products;
			sourceTree = "<group>";
		};
		5EAE24B27D72573A951C3454 = {
			isa = PBXGroup;
			children = (
				D69BBE6F67464877B0A8AC5C /* ReferenceApp */,
				ACACADB80646DB4DB1594538 /* ReferenceAppPhysicalUITests */,
				2EC15BC146E57F70417BBB50 /* ReferenceAppTests */,
				66CE1827996081EF56D80CD9 /* ReferenceAppUITests */,
				577C36D6DB4E504960C5031C /* Products */,
			);
			sourceTree = "<group>";
		};
		66CE1827996081EF56D80CD9 /* ReferenceAppUITests */ = {
			isa = PBXGroup;
			children = (
				DE6E0F604BFBD20FA1913C97 /* ReferenceAppUITestSupport.swift */,
				B8B113A88D2D4E595D50E85C /* ReferenceAppWorkflowUITests.swift */,
			);
			path = ReferenceAppUITests;
			sourceTree = "<group>";
		};
		ACACADB80646DB4DB1594538 /* ReferenceAppPhysicalUITests */ = {
			isa = PBXGroup;
			children = (
				5B9DA00B7946051EE7F9A417 /* ReferenceAppPhysicalLiveProofUITests.swift */,
			);
			path = ReferenceAppPhysicalUITests;
			sourceTree = "<group>";
		};
		C6099E42EF3EA11B97F5D483 /* Support */ = {
			isa = PBXGroup;
			children = (
				520EFE099DDF72C6E68E9D18 /* Info.plist */,
			);
			path = Support;
			sourceTree = "<group>";
		};
		D69BBE6F67464877B0A8AC5C /* ReferenceApp */ = {
			isa = PBXGroup;
			children = (
				661D9F7A3D82FECDC57B518A /* MeshLinkCryptoBridge.swift */,
				1F0099B4E6BF51E2B4E4555F /* MeshLinkTransportBridge.swift */,
				01935F212101BD3BFFDBA6E0 /* ReferenceApp.swift */,
				C6099E42EF3EA11B97F5D483 /* Support */,
			);
			path = ReferenceApp;
			sourceTree = "<group>";
		};
/* End PBXGroup section */

/* Begin PBXNativeTarget section */
		252E009AF54813E8F8EEEF5D /* ReferenceApp */ = {
			isa = PBXNativeTarget;
			buildConfigurationList = BE30CB8D918EE81799F27E28 /* Build configuration list for PBXNativeTarget "ReferenceApp" */;
			buildPhases = (
				8DD9314302BAEB559AA1ADEB /* Build ReferenceApp shared framework */,
				B1EB49B5349C31303F41178E /* Sources */,
			);
			buildRules = (
			);
			dependencies = (
			);
			name = ReferenceApp;
			packageProductDependencies = (
			);
			productName = ReferenceApp;
			productReference = CEC69B8D061F68EC23F54E8F /* ReferenceApp.app */;
			productType = "com.apple.product-type.application";
		};
		8441C2E16F97B4C5F184DA71 /* ReferenceAppPhysicalUITests */ = {
			isa = PBXNativeTarget;
			buildConfigurationList = B04868C4E27A0CF9F09D00A0 /* Build configuration list for PBXNativeTarget "ReferenceAppPhysicalUITests" */;
			buildPhases = (
				13010D3E866005AA26A68B1D /* Sources */,
			);
			buildRules = (
			);
			dependencies = (
				71A9DCCDB8962FCFFC822DF0 /* PBXTargetDependency */,
			);
			name = ReferenceAppPhysicalUITests;
			packageProductDependencies = (
			);
			productName = ReferenceAppPhysicalUITests;
			productReference = 506644EF4566002DF991D08C /* ReferenceAppPhysicalUITests.xctest */;
			productType = "com.apple.product-type.bundle.ui-testing";
		};
		9387D06C613F1D30349C5E6A /* ReferenceAppTests */ = {
			isa = PBXNativeTarget;
			buildConfigurationList = CD3C49F6BE39399B1880526F /* Build configuration list for PBXNativeTarget "ReferenceAppTests" */;
			buildPhases = (
				BEF17EE08FFF6FD657F1117B /* Sources */,
			);
			buildRules = (
			);
			dependencies = (
				FE08F3643E75213624D9D076 /* PBXTargetDependency */,
			);
			name = ReferenceAppTests;
			packageProductDependencies = (
			);
			productName = ReferenceAppTests;
			productReference = 79FC582F78CA92B1DE49D235 /* ReferenceAppTests.xctest */;
			productType = "com.apple.product-type.bundle.unit-test";
		};
		B1B3CCE88217946E20558061 /* ReferenceAppUITests */ = {
			isa = PBXNativeTarget;
			buildConfigurationList = 4125ED0876B1C6E452115F33 /* Build configuration list for PBXNativeTarget "ReferenceAppUITests" */;
			buildPhases = (
				EB1B9868A950CD1306ABE42C /* Sources */,
			);
			buildRules = (
			);
			dependencies = (
				AB36530F7F4E53C8DFF07CFD /* PBXTargetDependency */,
			);
			name = ReferenceAppUITests;
			packageProductDependencies = (
			);
			productName = ReferenceAppUITests;
			productReference = 0DF1C49DBE2F0982D313B71E /* ReferenceAppUITests.xctest */;
			productType = "com.apple.product-type.bundle.ui-testing";
		};
/* End PBXNativeTarget section */

/* Begin PBXProject section */
		081AD8F8298839A23CC474D0 /* Project object */ = {
			isa = PBXProject;
			attributes = {
				BuildIndependentTargetsInParallel = YES;
				LastUpgradeCheck = 1430;
				TargetAttributes = {
					252E009AF54813E8F8EEEF5D = {
						ProvisioningStyle = Automatic;
					};
					8441C2E16F97B4C5F184DA71 = {
						ProvisioningStyle = Automatic;
						TestTargetID = 252E009AF54813E8F8EEEF5D;
					};
					9387D06C613F1D30349C5E6A = {
						ProvisioningStyle = Automatic;
					};
					B1B3CCE88217946E20558061 = {
						ProvisioningStyle = Automatic;
						TestTargetID = 252E009AF54813E8F8EEEF5D;
					};
				};
			};
			buildConfigurationList = 56FDA9AD5AB85F1FEDA08675 /* Build configuration list for PBXProject "ReferenceApp" */;
			developmentRegion = en;
			hasScannedForEncodings = 0;
			knownRegions = (
				Base,
				en,
			);
			mainGroup = 5EAE24B27D72573A951C3454;
			minimizedProjectReferenceProxies = 1;
			preferredProjectObjectVersion = 77;
			productRefGroup = 577C36D6DB4E504960C5031C /* Products */;
			projectDirPath = "";
			projectRoot = "";
			targets = (
				252E009AF54813E8F8EEEF5D /* ReferenceApp */,
				8441C2E16F97B4C5F184DA71 /* ReferenceAppPhysicalUITests */,
				9387D06C613F1D30349C5E6A /* ReferenceAppTests */,
				B1B3CCE88217946E20558061 /* ReferenceAppUITests */,
			);
		};
/* End PBXProject section */

/* Begin PBXShellScriptBuildPhase section */
		8DD9314302BAEB559AA1ADEB /* Build ReferenceApp shared framework */ = {
			isa = PBXShellScriptBuildPhase;
			alwaysOutOfDate = 1;
			buildActionMask = 2147483647;
			files = (
			);
			inputFileListPaths = (
			);
			inputPaths = (
			);
			name = "Build ReferenceApp shared framework";
			outputFileListPaths = (
			);
			outputPaths = (
			);
			runOnlyForDeploymentPostprocessing = 0;
			shellPath = /bin/sh;
			shellScript = "if [ \"YES\" = \"$OVERRIDE_KOTLIN_BUILD_IDE_SUPPORTED\" ]; then\n    echo \"Skipping Gradle build task invocation due to OVERRIDE_KOTLIN_BUILD_IDE_SUPPORTED environment variable set to \\\"YES\\\"\"\n    exit 0\nfi\ncd \"$SRCROOT/../..\"\n./gradlew :meshlink-reference:embedAndSignAppleFrameworkForXcode\n";
		};
/* End PBXShellScriptBuildPhase section */

/* Begin PBXSourcesBuildPhase section */
		13010D3E866005AA26A68B1D /* Sources */ = {
			isa = PBXSourcesBuildPhase;
			buildActionMask = 2147483647;
			files = (
				EB97344833A30EDFAB1825B2 /* ReferenceAppPhysicalLiveProofUITests.swift in Sources */,
				DD048002C1148BCA7A6E9A0A /* ReferenceAppUITestSupport.swift in Sources */,
			);
			runOnlyForDeploymentPostprocessing = 0;
		};
		B1EB49B5349C31303F41178E /* Sources */ = {
			isa = PBXSourcesBuildPhase;
			buildActionMask = 2147483647;
			files = (
				49DC6384CCD821DCC83B2909 /* MeshLinkCryptoBridge.swift in Sources */,
				9210583AE894E50B571DFEC3 /* MeshLinkTransportBridge.swift in Sources */,
				6478A3D2E4830DE1E0E9CDC0 /* ReferenceApp.swift in Sources */,
			);
			runOnlyForDeploymentPostprocessing = 0;
		};
		BEF17EE08FFF6FD657F1117B /* Sources */ = {
			isa = PBXSourcesBuildPhase;
			buildActionMask = 2147483647;
			files = (
				73582F9968058BF15787538F /* ReferenceAppParityTests.swift in Sources */,
				61FC124E4895A92657A086DA /* ReferenceAppPlaceholderTests.swift in Sources */,
			);
			runOnlyForDeploymentPostprocessing = 0;
		};
		EB1B9868A950CD1306ABE42C /* Sources */ = {
			isa = PBXSourcesBuildPhase;
			buildActionMask = 2147483647;
			files = (
				07F0C1C846E1ED9B0E0089C5 /* ReferenceAppUITestSupport.swift in Sources */,
				1FFFD5668B725A2E7037BC2B /* ReferenceAppWorkflowUITests.swift in Sources */,
			);
			runOnlyForDeploymentPostprocessing = 0;
		};
/* End PBXSourcesBuildPhase section */

/* Begin PBXTargetDependency section */
		71A9DCCDB8962FCFFC822DF0 /* PBXTargetDependency */ = {
			isa = PBXTargetDependency;
			target = 252E009AF54813E8F8EEEF5D /* ReferenceApp */;
			targetProxy = DACCE7E2543F4D201DE7BD20 /* PBXContainerItemProxy */;
		};
		AB36530F7F4E53C8DFF07CFD /* PBXTargetDependency */ = {
			isa = PBXTargetDependency;
			target = 252E009AF54813E8F8EEEF5D /* ReferenceApp */;
			targetProxy = E866EAA2C6FC01FD6911863D /* PBXContainerItemProxy */;
		};
		FE08F3643E75213624D9D076 /* PBXTargetDependency */ = {
			isa = PBXTargetDependency;
			target = 252E009AF54813E8F8EEEF5D /* ReferenceApp */;
			targetProxy = A9D1C7B8842552DA38152356 /* PBXContainerItemProxy */;
		};
/* End PBXTargetDependency section */

/* Begin XCBuildConfiguration section */
		26600E21A34CE75A96129E94 /* Debug */ = {
			isa = XCBuildConfiguration;
			buildSettings = {
				BUNDLE_LOADER = "$(TEST_HOST)";
				CODE_SIGN_STYLE = Automatic;
				GENERATE_INFOPLIST_FILE = YES;
				IPHONEOS_DEPLOYMENT_TARGET = 15.0;
				LD_RUNPATH_SEARCH_PATHS = (
					"$(inherited)",
					"@executable_path/Frameworks",
					"@loader_path/Frameworks",
				);
				PRODUCT_BUNDLE_IDENTIFIER = ch.trancee.meshlink.reference.ios.tests;
				SDKROOT = iphoneos;
				TARGETED_DEVICE_FAMILY = "1,2";
				TEST_HOST = "$(BUILT_PRODUCTS_DIR)/ReferenceApp.app/ReferenceApp";
			};
			name = Debug;
		};
		32BE6A21EB24AC151E114AAE /* Debug */ = {
			isa = XCBuildConfiguration;
			buildSettings = {
				ALWAYS_SEARCH_USER_PATHS = NO;
				CLANG_ANALYZER_NONNULL = YES;
				CLANG_ANALYZER_NUMBER_OBJECT_CONVERSION = YES_AGGRESSIVE;
				CLANG_CXX_LANGUAGE_STANDARD = "gnu++14";
				CLANG_CXX_LIBRARY = "libc++";
				CLANG_ENABLE_MODULES = YES;
				CLANG_ENABLE_OBJC_ARC = YES;
				CLANG_ENABLE_OBJC_WEAK = YES;
				CLANG_WARN_BLOCK_CAPTURE_AUTORELEASING = YES;
				CLANG_WARN_BOOL_CONVERSION = YES;
				CLANG_WARN_COMMA = YES;
				CLANG_WARN_CONSTANT_CONVERSION = YES;
				CLANG_WARN_DEPRECATED_OBJC_IMPLEMENTATIONS = YES;
				CLANG_WARN_DIRECT_OBJC_ISA_USAGE = YES_ERROR;
				CLANG_WARN_DOCUMENTATION_COMMENTS = YES;
				CLANG_WARN_EMPTY_BODY = YES;
				CLANG_WARN_ENUM_CONVERSION = YES;
				CLANG_WARN_INFINITE_RECURSION = YES;
				CLANG_WARN_INT_CONVERSION = YES;
				CLANG_WARN_NON_LITERAL_NULL_CONVERSION = YES;
				CLANG_WARN_OBJC_IMPLICIT_RETAIN_SELF = YES;
				CLANG_WARN_OBJC_LITERAL_CONVERSION = YES;
				CLANG_WARN_OBJC_ROOT_CLASS = YES_ERROR;
				CLANG_WARN_QUOTED_INCLUDE_IN_FRAMEWORK_HEADER = YES;
				CLANG_WARN_RANGE_LOOP_ANALYSIS = YES;
				CLANG_WARN_STRICT_PROTOTYPES = YES;
				CLANG_WARN_SUSPICIOUS_MOVE = YES;
				CLANG_WARN_UNGUARDED_AVAILABILITY = YES_AGGRESSIVE;
				CLANG_WARN_UNREACHABLE_CODE = YES;
				CLANG_WARN__DUPLICATE_METHOD_MATCH = YES;
				COPY_PHASE_STRIP = NO;
				CURRENT_PROJECT_VERSION = 1;
				DEBUG_INFORMATION_FORMAT = dwarf;
				DEVELOPMENT_ASSET_PATHS = "\"\"";
				ENABLE_STRICT_OBJC_MSGSEND = YES;
				ENABLE_TESTABILITY = YES;
				ENABLE_USER_SCRIPT_SANDBOXING = NO;
				FRAMEWORK_SEARCH_PATHS = (
					"$(inherited)",
					"\"$(SRCROOT)/../build/xcode-frameworks/$(CONFIGURATION)/$(SDK_NAME)\"",
				);
				GCC_C_LANGUAGE_STANDARD = gnu11;
				GCC_DYNAMIC_NO_PIC = NO;
				GCC_NO_COMMON_BLOCKS = YES;
				GCC_OPTIMIZATION_LEVEL = 0;
				GCC_PREPROCESSOR_DEFINITIONS = (
					"$(inherited)",
					"DEBUG=1",
				);
				GCC_WARN_64_TO_32_BIT_CONVERSION = YES;
				GCC_WARN_ABOUT_RETURN_TYPE = YES_ERROR;
				GCC_WARN_UNDECLARED_SELECTOR = YES;
				GCC_WARN_UNINITIALIZED_AUTOS = YES_AGGRESSIVE;
				GCC_WARN_UNUSED_FUNCTION = YES;
				GCC_WARN_UNUSED_VARIABLE = YES;
				GENERATE_INFOPLIST_FILE = NO;
				IPHONEOS_DEPLOYMENT_TARGET = 15.0;
				LD_RUNPATH_SEARCH_PATHS = (
					"$(inherited)",
					"@executable_path/Frameworks",
				);
				MARKETING_VERSION = 0.1.0;
				MTL_ENABLE_DEBUG_INFO = INCLUDE_SOURCE;
				MTL_FAST_MATH = YES;
				ONLY_ACTIVE_ARCH = YES;
				OTHER_LDFLAGS = (
					"$(inherited)",
					"-framework",
					MeshLinkReference,
				);
				PRODUCT_NAME = "$(TARGET_NAME)";
				SDKROOT = iphoneos;
				SWIFT_ACTIVE_COMPILATION_CONDITIONS = DEBUG;
				SWIFT_OPTIMIZATION_LEVEL = "-Onone";
				SWIFT_VERSION = 5.0;
			};
			name = Debug;
		};
		4495CBD0E75EC851E9D1119B /* Release */ = {
			isa = XCBuildConfiguration;
			buildSettings = {
				ASSETCATALOG_COMPILER_APPICON_NAME = AppIcon;
				ASSETCATALOG_COMPILER_GENERATE_SWIFT_ASSET_SYMBOL_EXTENSIONS = NO;
				CODE_SIGN_STYLE = Automatic;
				DEVELOPMENT_TEAM = 7ZX3WPAP4Y;
				INFOPLIST_FILE = ReferenceApp/Support/Info.plist;
				IPHONEOS_DEPLOYMENT_TARGET = 15.0;
				LD_RUNPATH_SEARCH_PATHS = (
					"$(inherited)",
					"@executable_path/Frameworks",
				);
				PRODUCT_BUNDLE_IDENTIFIER = ch.trancee.meshlink.reference.ios;
				SDKROOT = iphoneos;
				TARGETED_DEVICE_FAMILY = 1;
			};
			name = Release;
		};
		50CD443AE04A27E39613EFBC /* Debug */ = {
			isa = XCBuildConfiguration;
			buildSettings = {
				BUNDLE_LOADER = "$(TEST_HOST)";
				CODE_SIGN_STYLE = Automatic;
				GENERATE_INFOPLIST_FILE = YES;
				IPHONEOS_DEPLOYMENT_TARGET = 15.0;
				LD_RUNPATH_SEARCH_PATHS = (
					"$(inherited)",
					"@executable_path/Frameworks",
					"@loader_path/Frameworks",
				);
				PRODUCT_BUNDLE_IDENTIFIER = ch.trancee.meshlink.reference.ios.uitests;
				SDKROOT = iphoneos;
				TARGETED_DEVICE_FAMILY = "1,2";
				TEST_TARGET_NAME = ReferenceApp;
			};
			name = Debug;
		};
		5C6C56CFB8D0D0BB6BA46856 /* Release */ = {
			isa = XCBuildConfiguration;
			buildSettings = {
				BUNDLE_LOADER = "$(TEST_HOST)";
				CODE_SIGN_STYLE = Automatic;
				GENERATE_INFOPLIST_FILE = YES;
				IPHONEOS_DEPLOYMENT_TARGET = 15.0;
				LD_RUNPATH_SEARCH_PATHS = (
					"$(inherited)",
					"@executable_path/Frameworks",
					"@loader_path/Frameworks",
				);
				PRODUCT_BUNDLE_IDENTIFIER = ch.trancee.meshlink.reference.ios.physicaluitests;
				SDKROOT = iphoneos;
				TARGETED_DEVICE_FAMILY = "1,2";
				TEST_TARGET_NAME = ReferenceApp;
			};
			name = Release;
		};
		8C8C4122436235F29286E443 /* Release */ = {
			isa = XCBuildConfiguration;
			buildSettings = {
				BUNDLE_LOADER = "$(TEST_HOST)";
				CODE_SIGN_STYLE = Automatic;
				GENERATE_INFOPLIST_FILE = YES;
				IPHONEOS_DEPLOYMENT_TARGET = 15.0;
				LD_RUNPATH_SEARCH_PATHS = (
					"$(inherited)",
					"@executable_path/Frameworks",
					"@loader_path/Frameworks",
				);
				PRODUCT_BUNDLE_IDENTIFIER = ch.trancee.meshlink.reference.ios.uitests;
				SDKROOT = iphoneos;
				TARGETED_DEVICE_FAMILY = "1,2";
				TEST_TARGET_NAME = ReferenceApp;
			};
			name = Release;
		};
		BB3B074128F66703A20AB144 /* Debug */ = {
			isa = XCBuildConfiguration;
			buildSettings = {
				ASSETCATALOG_COMPILER_APPICON_NAME = AppIcon;
				ASSETCATALOG_COMPILER_GENERATE_SWIFT_ASSET_SYMBOL_EXTENSIONS = NO;
				CODE_SIGN_STYLE = Automatic;
				DEVELOPMENT_TEAM = 7ZX3WPAP4Y;
				INFOPLIST_FILE = ReferenceApp/Support/Info.plist;
				IPHONEOS_DEPLOYMENT_TARGET = 15.0;
				LD_RUNPATH_SEARCH_PATHS = (
					"$(inherited)",
					"@executable_path/Frameworks",
				);
				PRODUCT_BUNDLE_IDENTIFIER = ch.trancee.meshlink.reference.ios;
				SDKROOT = iphoneos;
				TARGETED_DEVICE_FAMILY = 1;
			};
			name = Debug;
		};
		BB6644BEA82C39AE6819543C /* Release */ = {
			isa = XCBuildConfiguration;
			buildSettings = {
				BUNDLE_LOADER = "$(TEST_HOST)";
				CODE_SIGN_STYLE = Automatic;
				GENERATE_INFOPLIST_FILE = YES;
				IPHONEOS_DEPLOYMENT_TARGET = 15.0;
				LD_RUNPATH_SEARCH_PATHS = (
					"$(inherited)",
					"@executable_path/Frameworks",
					"@loader_path/Frameworks",
				);
				PRODUCT_BUNDLE_IDENTIFIER = ch.trancee.meshlink.reference.ios.tests;
				SDKROOT = iphoneos;
				TARGETED_DEVICE_FAMILY = "1,2";
				TEST_HOST = "$(BUILT_PRODUCTS_DIR)/ReferenceApp.app/ReferenceApp";
			};
			name = Release;
		};
		DE10ED49C0883CC4E0702467 /* Release */ = {
			isa = XCBuildConfiguration;
			buildSettings = {
				ALWAYS_SEARCH_USER_PATHS = NO;
				CLANG_ANALYZER_NONNULL = YES;
				CLANG_ANALYZER_NUMBER_OBJECT_CONVERSION = YES_AGGRESSIVE;
				CLANG_CXX_LANGUAGE_STANDARD = "gnu++14";
				CLANG_CXX_LIBRARY = "libc++";
				CLANG_ENABLE_MODULES = YES;
				CLANG_ENABLE_OBJC_ARC = YES;
				CLANG_ENABLE_OBJC_WEAK = YES;
				CLANG_WARN_BLOCK_CAPTURE_AUTORELEASING = YES;
				CLANG_WARN_BOOL_CONVERSION = YES;
				CLANG_WARN_COMMA = YES;
				CLANG_WARN_CONSTANT_CONVERSION = YES;
				CLANG_WARN_DEPRECATED_OBJC_IMPLEMENTATIONS = YES;
				CLANG_WARN_DIRECT_OBJC_ISA_USAGE = YES_ERROR;
				CLANG_WARN_DOCUMENTATION_COMMENTS = YES;
				CLANG_WARN_EMPTY_BODY = YES;
				CLANG_WARN_ENUM_CONVERSION = YES;
				CLANG_WARN_INFINITE_RECURSION = YES;
				CLANG_WARN_INT_CONVERSION = YES;
				CLANG_WARN_NON_LITERAL_NULL_CONVERSION = YES;
				CLANG_WARN_OBJC_IMPLICIT_RETAIN_SELF = YES;
				CLANG_WARN_OBJC_LITERAL_CONVERSION = YES;
				CLANG_WARN_OBJC_ROOT_CLASS = YES_ERROR;
				CLANG_WARN_QUOTED_INCLUDE_IN_FRAMEWORK_HEADER = YES;
				CLANG_WARN_RANGE_LOOP_ANALYSIS = YES;
				CLANG_WARN_STRICT_PROTOTYPES = YES;
				CLANG_WARN_SUSPICIOUS_MOVE = YES;
				CLANG_WARN_UNGUARDED_AVAILABILITY = YES_AGGRESSIVE;
				CLANG_WARN_UNREACHABLE_CODE = YES;
				CLANG_WARN__DUPLICATE_METHOD_MATCH = YES;
				COPY_PHASE_STRIP = NO;
				CURRENT_PROJECT_VERSION = 1;
				DEBUG_INFORMATION_FORMAT = "dwarf-with-dsym";
				DEVELOPMENT_ASSET_PATHS = "\"\"";
				ENABLE_NS_ASSERTIONS = NO;
				ENABLE_STRICT_OBJC_MSGSEND = YES;
				ENABLE_USER_SCRIPT_SANDBOXING = NO;
				FRAMEWORK_SEARCH_PATHS = (
					"$(inherited)",
					"\"$(SRCROOT)/../build/xcode-frameworks/$(CONFIGURATION)/$(SDK_NAME)\"",
				);
				GCC_C_LANGUAGE_STANDARD = gnu11;
				GCC_NO_COMMON_BLOCKS = YES;
				GCC_WARN_64_TO_32_BIT_CONVERSION = YES;
				GCC_WARN_ABOUT_RETURN_TYPE = YES_ERROR;
				GCC_WARN_UNDECLARED_SELECTOR = YES;
				GCC_WARN_UNINITIALIZED_AUTOS = YES_AGGRESSIVE;
				GCC_WARN_UNUSED_FUNCTION = YES;
				GCC_WARN_UNUSED_VARIABLE = YES;
				GENERATE_INFOPLIST_FILE = NO;
				IPHONEOS_DEPLOYMENT_TARGET = 15.0;
				LD_RUNPATH_SEARCH_PATHS = (
					"$(inherited)",
					"@executable_path/Frameworks",
				);
				MARKETING_VERSION = 0.1.0;
				MTL_ENABLE_DEBUG_INFO = NO;
				MTL_FAST_MATH = YES;
				OTHER_LDFLAGS = (
					"$(inherited)",
					"-framework",
					MeshLinkReference,
				);
				PRODUCT_NAME = "$(TARGET_NAME)";
				SDKROOT = iphoneos;
				SWIFT_COMPILATION_MODE = wholemodule;
				SWIFT_OPTIMIZATION_LEVEL = "-O";
				SWIFT_VERSION = 5.0;
			};
			name = Release;
		};
		ED0711D6BCA1DE1097997D7D /* Debug */ = {
			isa = XCBuildConfiguration;
			buildSettings = {
				BUNDLE_LOADER = "$(TEST_HOST)";
				CODE_SIGN_STYLE = Automatic;
				GENERATE_INFOPLIST_FILE = YES;
				IPHONEOS_DEPLOYMENT_TARGET = 15.0;
				LD_RUNPATH_SEARCH_PATHS = (
					"$(inherited)",
					"@executable_path/Frameworks",
					"@loader_path/Frameworks",
				);
				PRODUCT_BUNDLE_IDENTIFIER = ch.trancee.meshlink.reference.ios.physicaluitests;
				SDKROOT = iphoneos;
				TARGETED_DEVICE_FAMILY = "1,2";
				TEST_TARGET_NAME = ReferenceApp;
			};
			name = Debug;
		};
/* End XCBuildConfiguration section */

/* Begin XCConfigurationList section */
		4125ED0876B1C6E452115F33 /* Build configuration list for PBXNativeTarget "ReferenceAppUITests" */ = {
			isa = XCConfigurationList;
			buildConfigurations = (
				50CD443AE04A27E39613EFBC /* Debug */,
				8C8C4122436235F29286E443 /* Release */,
			);
			defaultConfigurationIsVisible = 0;
			defaultConfigurationName = Debug;
		};
		56FDA9AD5AB85F1FEDA08675 /* Build configuration list for PBXProject "ReferenceApp" */ = {
			isa = XCConfigurationList;
			buildConfigurations = (
				32BE6A21EB24AC151E114AAE /* Debug */,
				DE10ED49C0883CC4E0702467 /* Release */,
			);
			defaultConfigurationIsVisible = 0;
			defaultConfigurationName = Debug;
		};
		B04868C4E27A0CF9F09D00A0 /* Build configuration list for PBXNativeTarget "ReferenceAppPhysicalUITests" */ = {
			isa = XCConfigurationList;
			buildConfigurations = (
				ED0711D6BCA1DE1097997D7D /* Debug */,
				5C6C56CFB8D0D0BB6BA46856 /* Release */,
			);
			defaultConfigurationIsVisible = 0;
			defaultConfigurationName = Debug;
		};
		BE30CB8D918EE81799F27E28 /* Build configuration list for PBXNativeTarget "ReferenceApp" */ = {
			isa = XCConfigurationList;
			buildConfigurations = (
				BB3B074128F66703A20AB144 /* Debug */,
				4495CBD0E75EC851E9D1119B /* Release */,
			);
			defaultConfigurationIsVisible = 0;
			defaultConfigurationName = Debug;
		};
		CD3C49F6BE39399B1880526F /* Build configuration list for PBXNativeTarget "ReferenceAppTests" */ = {
			isa = XCConfigurationList;
			buildConfigurations = (
				26600E21A34CE75A96129E94 /* Debug */,
				BB6644BEA82C39AE6819543C /* Release */,
			);
			defaultConfigurationIsVisible = 0;
			defaultConfigurationName = Debug;
		};
/* End XCConfigurationList section */
	};
	rootObject = 081AD8F8298839A23CC474D0 /* Project object */;
}
